
Microsoft Visual Studio Solution File, Format Version 12.00
# Visual Studio Version 17
VisualStudioVersion = 17.8.34322.80
MinimumVisualStudioVersion = 10.0.40219.1
Project("{FAE04EC0-301F-11D3-BF4B-00C04F79EFBC}") = "numero par o impar", "numero par o impar\numero par o impar.csproj", "{075E18F6-50A7-45C1-843F-5D15D824987A}"
EndProject
Global
	GlobalSection(SolutionConfigurationPlatforms) = preSolution
		Debug|Any CPU = Debug|Any CPU
		Release|Any CPU = Release|Any CPU
	EndGlobalSection
	GlobalSection(ProjectConfigurationPlatforms) = postSolution
		{075E18F6-50A7-45C1-843F-5D15D824987A}.Debug|Any CPU.ActiveCfg = Debug|Any CPU
		{075E18F6-50A7-45C1-843F-5D15D824987A}.Debug|Any CPU.Build.0 = Debug|Any CPU
		{075E18F6-50A7-45C1-843F-5D15D824987A}.Release|Any CPU.ActiveCfg = Release|Any CPU
		{075E18F6-50A7-45C1-843F-5D15D824987A}.Release|Any CPU.Build.0 = Release|Any CPU
	EndGlobalSection
	GlobalSection(SolutionProperties) = preSolution
		HideSolutionNode = FALSE
	EndGlobalSection
	GlobalSection(ExtensibilityGlobals) = postSolution
		SolutionGuid = {D77F5B84-B2A2-4F4B-AFD1-B0532571160F}
	EndGlobalSection
EndGlobal
